
Microsoft Visual Studio Solution File, Format Version 12.00
# Visual Studio Version 17
VisualStudioVersion = 17.9.34622.214
MinimumVisualStudioVersion = 10.0.40219.1
Project("{FAE04EC0-301F-11D3-BF4B-00C04F79EFBC}") = "Task1", "Task1\Task1.csproj", "{194AEA14-BBB0-4CAD-8E6B-E459287768F7}"
EndProject
Global
	GlobalSection(SolutionConfigurationPlatforms) = preSolution
		Debug|Any CPU = Debug|Any CPU
		Release|Any CPU = Release|Any CPU
	EndGlobalSection
	GlobalSection(ProjectConfigurationPlatforms) = postSolution
		{194AEA14-BBB0-4CAD-8E6B-E459287768F7}.Debug|Any CPU.ActiveCfg = Debug|Any CPU
		{194AEA14-BBB0-4CAD-8E6B-E459287768F7}.Debug|Any CPU.Build.0 = Debug|Any CPU
		{194AEA14-BBB0-4CAD-8E6B-E459287768F7}.Release|Any CPU.ActiveCfg = Release|Any CPU
		{194AEA14-BBB0-4CAD-8E6B-E459287768F7}.Release|Any CPU.Build.0 = Release|Any CPU
	EndGlobalSection
	GlobalSection(SolutionProperties) = preSolution
		HideSolutionNode = FALSE
	EndGlobalSection
	GlobalSection(ExtensibilityGlobals) = postSolution
		SolutionGuid = {2B667906-CC17-492B-9A3B-BAA24DC1A2CC}
	EndGlobalSection
EndGlobal
